// !$*UTF8*$!
{
	archiveVersion = 1;
	classes = {
	};
	objectVersion = 77;
	objects = {

/* Begin PBXBuildFile section */
		9D116EF52CE9DC21001B8E2C /* FirebaseAnalytics in Frameworks */ = {isa = PBXBuildFile; productRef = 9D116EF42CE9DC21001B8E2C /* FirebaseAnalytics */; };
		9D116EF72CE9DC21001B8E2C /* FirebaseAuth in Frameworks */ = {isa = PBXBuildFile; productRef = 9D116EF62CE9DC21001B8E2C /* FirebaseAuth */; };
		9D116EF92CE9DC21001B8E2C /* FirebaseFirestore in Frameworks */ = {isa = PBXBuildFile; productRef = 9D116EF82CE9DC21001B8E2C /* FirebaseFirestore */; };
		9D116EFB2CE9DC21001B8E2C /* FirebaseStorage in Frameworks */ = {isa = PBXBuildFile; productRef = 9D116EFA2CE9DC21001B8E2C /* FirebaseStorage */; };
		9DD784132CEE67AC001143FB /* Algorithms in Frameworks */ = {isa = PBXBuildFile; productRef = 9DD784122CEE67AC001143FB /* Algorithms */; };
		9DD784502CEE70A5001143FB /* SDWebImage in Frameworks */ = {isa = PBXBuildFile; productRef = 9DD7844F2CEE70A5001143FB /* SDWebImage */; };
		9DD784522CEE70A5001143FB /* SDWebImageMapKit in Frameworks */ = {isa = PBXBuildFile; productRef = 9DD784512CEE70A5001143FB /* SDWebImageMapKit */; };
/* End PBXBuildFile section */

/* Begin PBXFileReference section */
		9D116EDB2CE9D943001B8E2C /* InstaCloneApp.app */ = {isa = PBXFileReference; explicitFileType = wrapper.application; includeInIndex = 0; path = InstaCloneApp.app; sourceTree = BUILT_PRODUCTS_DIR; };
/* End PBXFileReference section */

/* Begin PBXFileSystemSynchronizedBuildFileExceptionSet section */
		9DB7EAFA2CF4F6A70063E809 /* Exceptions for "InstaCloneApp" folder in "InstaCloneApp" target */ = {
			isa = PBXFileSystemSynchronizedBuildFileExceptionSet;
			membershipExceptions = (
				Info.plist,
			);
			target = 9D116EDA2CE9D943001B8E2C /* InstaCloneApp */;
		};
/* End PBXFileSystemSynchronizedBuildFileExceptionSet section */

/* Begin PBXFileSystemSynchronizedRootGroup section */
		9D116EDD2CE9D943001B8E2C /* InstaCloneApp */ = {
			isa = PBXFileSystemSynchronizedRootGroup;
			exceptions = (
				9DB7EAFA2CF4F6A70063E809 /* Exceptions for "InstaCloneApp" folder in "InstaCloneApp" target */,
			);
			path = InstaCloneApp;
			sourceTree = "<group>";
		};
/* End PBXFileSystemSynchronizedRootGroup section */

/* Begin PBXFrameworksBuildPhase section */
		9D116ED82CE9D943001B8E2C /* Frameworks */ = {
			isa = PBXFrameworksBuildPhase;
			buildActionMask = 2147483647;
			files = (
				9DD784502CEE70A5001143FB /* SDWebImage in Frameworks */,
				9D116EF52CE9DC21001B8E2C /* FirebaseAnalytics in Frameworks */,
				9D116EFB2CE9DC21001B8E2C /* FirebaseStorage in Frameworks */,
				9D116EF72CE9DC21001B8E2C /* FirebaseAuth in Frameworks */,
				9DD784132CEE67AC001143FB /* Algorithms in Frameworks */,
				9DD784522CEE70A5001143FB /* SDWebImageMapKit in Frameworks */,
				9D116EF92CE9DC21001B8E2C /* FirebaseFirestore in Frameworks */,
			);
			runOnlyForDeploymentPostprocessing = 0;
		};
/* End PBXFrameworksBuildPhase section */

/* Begin PBXGroup section */
		9D116ED22CE9D943001B8E2C = {
			isa = PBXGroup;
			children = (
				9D116EDD2CE9D943001B8E2C /* InstaCloneApp */,
				9D116EDC2CE9D943001B8E2C /* Products */,
			);
			sourceTree = "<group>";
		};
		9D116EDC2CE9D943001B8E2C /* Products */ = {
			isa = PBXGroup;
			children = (
				9D116EDB2CE9D943001B8E2C /* InstaCloneApp.app */,
			);
			name = Products;
			sourceTree = "<group>";
		};
/* End PBXGroup section */

/* Begin PBXNativeTarget section */
		9D116EDA2CE9D943001B8E2C /* InstaCloneApp */ = {
			isa = PBXNativeTarget;
			buildConfigurationList = 9D116EEE2CE9D945001B8E2C /* Build configuration list for PBXNativeTarget "InstaCloneApp" */;
			buildPhases = (
				9D116ED72CE9D943001B8E2C /* Sources */,
				9D116ED82CE9D943001B8E2C /* Frameworks */,
				9D116ED92CE9D943001B8E2C /* Resources */,
			);
			buildRules = (
			);
			dependencies = (
			);
			fileSystemSynchronizedGroups = (
				9D116EDD2CE9D943001B8E2C /* InstaCloneApp */,
			);
			name = InstaCloneApp;
			packageProductDependencies = (
				9D116EF42CE9DC21001B8E2C /* FirebaseAnalytics */,
				9D116EF62CE9DC21001B8E2C /* FirebaseAuth */,
				9D116EF82CE9DC21001B8E2C /* FirebaseFirestore */,
				9D116EFA2CE9DC21001B8E2C /* FirebaseStorage */,
				9DD784122CEE67AC001143FB /* Algorithms */,
				9DD7844F2CEE70A5001143FB /* SDWebImage */,
				9DD784512CEE70A5001143FB /* SDWebImageMapKit */,
			);
			productName = InstaCloneApp;
			productReference = 9D116EDB2CE9D943001B8E2C /* InstaCloneApp.app */;
			productType = "com.apple.product-type.application";
		};
/* End PBXNativeTarget section */

/* Begin PBXProject section */
		9D116ED32CE9D943001B8E2C /* Project object */ = {
			isa = PBXProject;
			attributes = {
				BuildIndependentTargetsInParallel = 1;
				LastSwiftUpdateCheck = 1610;
				LastUpgradeCheck = 1610;
				TargetAttributes = {
					9D116EDA2CE9D943001B8E2C = {
						CreatedOnToolsVersion = 16.1;
					};
				};
			};
			buildConfigurationList = 9D116ED62CE9D943001B8E2C /* Build configuration list for PBXProject "InstaCloneApp" */;
			developmentRegion = en;
			hasScannedForEncodings = 0;
			knownRegions = (
				en,
				Base,
			);
			mainGroup = 9D116ED22CE9D943001B8E2C;
			minimizedProjectReferenceProxies = 1;
			packageReferences = (
				9D116EF32CE9DC21001B8E2C /* XCRemoteSwiftPackageReference "firebase-ios-sdk" */,
				9DD784112CEE67AC001143FB /* XCRemoteSwiftPackageReference "swift-algorithms" */,
				9DD7844E2CEE70A5001143FB /* XCRemoteSwiftPackageReference "SDWebImage" */,
			);
			preferredProjectObjectVersion = 77;
			productRefGroup = 9D116EDC2CE9D943001B8E2C /* Products */;
			projectDirPath = "";
			projectRoot = "";
			targets = (
				9D116EDA2CE9D943001B8E2C /* InstaCloneApp */,
			);
		};
/* End PBXProject section */

/* Begin PBXResourcesBuildPhase section */
		9D116ED92CE9D943001B8E2C /* Resources */ = {
			isa = PBXResourcesBuildPhase;
			buildActionMask = 2147483647;
			files = (
			);
			runOnlyForDeploymentPostprocessing = 0;
		};
/* End PBXResourcesBuildPhase section */

/* Begin PBXSourcesBuildPhase section */
		9D116ED72CE9D943001B8E2C /* Sources */ = {
			isa = PBXSourcesBuildPhase;
			buildActionMask = 2147483647;
			files = (
			);
			runOnlyForDeploymentPostprocessing = 0;
		};
/* End PBXSourcesBuildPhase section */

/* Begin XCBuildConfiguration section */
		9D116EEF2CE9D945001B8E2C /* Debug */ = {
			isa = XCBuildConfiguration;
			buildSettings = {
				ASSETCATALOG_COMPILER_APPICON_NAME = AppIcon;
				ASSETCATALOG_COMPILER_GLOBAL_ACCENT_COLOR_NAME = AccentColor;
				CODE_SIGN_STYLE = Automatic;
				CURRENT_PROJECT_VERSION = 1;
				DEVELOPMENT_TEAM = BY9JTR38MR;
				GENERATE_INFOPLIST_FILE = YES;
				INFOPLIST_FILE = InstaCloneApp/Info.plist;
				INFOPLIST_KEY_UIApplicationSupportsIndirectInputEvents = YES;
				INFOPLIST_KEY_UILaunchStoryboardName = LaunchScreen;
				INFOPLIST_KEY_UIMainStoryboardFile = Main;
				INFOPLIST_KEY_UISupportedInterfaceOrientations_iPad = "UIInterfaceOrientationPortrait UIInterfaceOrientationPortraitUpsideDown UIInterfaceOrientationLandscapeLeft UIInterfaceOrientationLandscapeRight";
				INFOPLIST_KEY_UISupportedInterfaceOrientations_iPhone = "UIInterfaceOrientationPortrait UIInterfaceOrientationLandscapeLeft UIInterfaceOrientationLandscapeRight";
				LD_RUNPATH_SEARCH_PATHS = (
					"$(inherited)",
					"@executable_path/Frameworks",
				);
				MARKETING_VERSION = 1.0;
				PRODUCT_BUNDLE_IDENTIFIER = "com.xecekrdnz-94.InstaCloneApp";
				PRODUCT_NAME = "$(TARGET_NAME)";
				SWIFT_EMIT_LOC_STRINGS = YES;
				SWIFT_VERSION = 5.0;
				TARGETED_DEVICE_FAMILY = "1,2";
			};
			name = Debug;
		};
		9D116EF02CE9D945001B8E2C /* Release */ = {
			isa = XCBuildConfiguration;
			buildSettings = {
				ASSETCATALOG_COMPILER_APPICON_NAME = AppIcon;
				ASSETCATALOG_COMPILER_GLOBAL_ACCENT_COLOR_NAME = AccentColor;
				CODE_SIGN_STYLE = Automatic;
				CURRENT_PROJECT_VERSION = 1;
				DEVELOPMENT_TEAM = BY9JTR38MR;
				GENERATE_INFOPLIST_FILE = YES;
				INFOPLIST_FILE = InstaCloneApp/Info.plist;
				INFOPLIST_KEY_UIApplicationSupportsIndirectInputEvents = YES;
				INFOPLIST_KEY_UILaunchStoryboardName = LaunchScreen;
				INFOPLIST_KEY_UIMainStoryboardFile = Main;
				INFOPLIST_KEY_UISupportedInterfaceOrientations_iPad = "UIInterfaceOrientationPortrait UIInterfaceOrientationPortraitUpsideDown UIInterfaceOrientationLandscapeLeft UIInterfaceOrientationLandscapeRight";
				INFOPLIST_KEY_UISupportedInterfaceOrientations_iPhone = "UIInterfaceOrientationPortrait UIInterfaceOrientationLandscapeLeft UIInterfaceOrientationLandscapeRight";
				LD_RUNPATH_SEARCH_PATHS = (
					"$(inherited)",
					"@executable_path/Frameworks",
				);
				MARKETING_VERSION = 1.0;
				PRODUCT_BUNDLE_IDENTIFIER = "com.xecekrdnz-94.InstaCloneApp";
				PRODUCT_NAME = "$(TARGET_NAME)";
				SWIFT_EMIT_LOC_STRINGS = YES;
				SWIFT_VERSION = 5.0;
				TARGETED_DEVICE_FAMILY = "1,2";
			};
			name = Release;
		};
		9D116EF12CE9D945001B8E2C /* Debug */ = {
			isa = XCBuildConfiguration;
			buildSettings = {
				ALWAYS_SEARCH_USER_PATHS = NO;
				ASSETCATALOG_COMPILER_GENERATE_SWIFT_ASSET_SYMBOL_EXTENSIONS = YES;
				CLANG_ANALYZER_NONNULL = YES;
				CLANG_ANALYZER_NUMBER_OBJECT_CONVERSION = YES_AGGRESSIVE;
				CLANG_CXX_LANGUAGE_STANDARD = "gnu++20";
				CLANG_ENABLE_MODULES = YES;
				CLANG_ENABLE_OBJC_ARC = YES;
				CLANG_ENABLE_OBJC_WEAK = YES;
				CLANG_WARN_BLOCK_CAPTURE_AUTORELEASING = YES;
				CLANG_WARN_BOOL_CONVERSION = YES;
				CLANG_WARN_COMMA = YES;
				CLANG_WARN_CONSTANT_CONVERSION = YES;
				CLANG_WARN_DEPRECATED_OBJC_IMPLEMENTATIONS = YES;
				CLANG_WARN_DIRECT_OBJC_ISA_USAGE = YES_ERROR;
				CLANG_WARN_DOCUMENTATION_COMMENTS = YES;
				CLANG_WARN_EMPTY_BODY = YES;
				CLANG_WARN_ENUM_CONVERSION = YES;
				CLANG_WARN_INFINITE_RECURSION = YES;
				CLANG_WARN_INT_CONVERSION = YES;
				CLANG_WARN_NON_LITERAL_NULL_CONVERSION = YES;
				CLANG_WARN_OBJC_IMPLICIT_RETAIN_SELF = YES;
				CLANG_WARN_OBJC_LITERAL_CONVERSION = YES;
				CLANG_WARN_OBJC_ROOT_CLASS = YES_ERROR;
				CLANG_WARN_QUOTED_INCLUDE_IN_FRAMEWORK_HEADER = YES;
				CLANG_WARN_RANGE_LOOP_ANALYSIS = YES;
				CLANG_WARN_STRICT_PROTOTYPES = YES;
				CLANG_WARN_SUSPICIOUS_MOVE = YES;
				CLANG_WARN_UNGUARDED_AVAILABILITY = YES_AGGRESSIVE;
				CLANG_WARN_UNREACHABLE_CODE = YES;
				CLANG_WARN__DUPLICATE_METHOD_MATCH = YES;
				COPY_PHASE_STRIP = NO;
				DEBUG_INFORMATION_FORMAT = dwarf;
				ENABLE_STRICT_OBJC_MSGSEND = YES;
				ENABLE_TESTABILITY = YES;
				ENABLE_USER_SCRIPT_SANDBOXING = YES;
				GCC_C_LANGUAGE_STANDARD = gnu17;
				GCC_DYNAMIC_NO_PIC = NO;
				GCC_NO_COMMON_BLOCKS = YES;
				GCC_OPTIMIZATION_LEVEL = 0;
				GCC_PREPROCESSOR_DEFINITIONS = (
					"DEBUG=1",
					"$(inherited)",
				);
				GCC_WARN_64_TO_32_BIT_CONVERSION = YES;
				GCC_WARN_ABOUT_RETURN_TYPE = YES_ERROR;
				GCC_WARN_UNDECLARED_SELECTOR = YES;
				GCC_WARN_UNINITIALIZED_AUTOS = YES_AGGRESSIVE;
				GCC_WARN_UNUSED_FUNCTION = YES;
				GCC_WARN_UNUSED_VARIABLE = YES;
				IPHONEOS_DEPLOYMENT_TARGET = 18.1;
				LOCALIZATION_PREFERS_STRING_CATALOGS = YES;
				MTL_ENABLE_DEBUG_INFO = INCLUDE_SOURCE;
				MTL_FAST_MATH = YES;
				ONLY_ACTIVE_ARCH = YES;
				SDKROOT = iphoneos;
				SWIFT_ACTIVE_COMPILATION_CONDITIONS = "DEBUG $(inherited)";
				SWIFT_OPTIMIZATION_LEVEL = "-Onone";
			};
			name = Debug;
		};
		9D116EF22CE9D945001B8E2C /* Release */ = {
			isa = XCBuildConfiguration;
			buildSettings = {
				ALWAYS_SEARCH_USER_PATHS = NO;
				ASSETCATALOG_COMPILER_GENERATE_SWIFT_ASSET_SYMBOL_EXTENSIONS = YES;
				CLANG_ANALYZER_NONNULL = YES;
				CLANG_ANALYZER_NUMBER_OBJECT_CONVERSION = YES_AGGRESSIVE;
				CLANG_CXX_LANGUAGE_STANDARD = "gnu++20";
				CLANG_ENABLE_MODULES = YES;
				CLANG_ENABLE_OBJC_ARC = YES;
				CLANG_ENABLE_OBJC_WEAK = YES;
				CLANG_WARN_BLOCK_CAPTURE_AUTORELEASING = YES;
				CLANG_WARN_BOOL_CONVERSION = YES;
				CLANG_WARN_COMMA = YES;
				CLANG_WARN_CONSTANT_CONVERSION = YES;
				CLANG_WARN_DEPRECATED_OBJC_IMPLEMENTATIONS = YES;
				CLANG_WARN_DIRECT_OBJC_ISA_USAGE = YES_ERROR;
				CLANG_WARN_DOCUMENTATION_COMMENTS = YES;
				CLANG_WARN_EMPTY_BODY = YES;
				CLANG_WARN_ENUM_CONVERSION = YES;
				CLANG_WARN_INFINITE_RECURSION = YES;
				CLANG_WARN_INT_CONVERSION = YES;
				CLANG_WARN_NON_LITERAL_NULL_CONVERSION = YES;
				CLANG_WARN_OBJC_IMPLICIT_RETAIN_SELF = YES;
				CLANG_WARN_OBJC_LITERAL_CONVERSION = YES;
				CLANG_WARN_OBJC_ROOT_CLASS = YES_ERROR;
				CLANG_WARN_QUOTED_INCLUDE_IN_FRAMEWORK_HEADER = YES;
				CLANG_WARN_RANGE_LOOP_ANALYSIS = YES;
				CLANG_WARN_STRICT_PROTOTYPES = YES;
				CLANG_WARN_SUSPICIOUS_MOVE = YES;
				CLANG_WARN_UNGUARDED_AVAILABILITY = YES_AGGRESSIVE;
				CLANG_WARN_UNREACHABLE_CODE = YES;
				CLANG_WARN__DUPLICATE_METHOD_MATCH = YES;
				COPY_PHASE_STRIP = NO;
				DEBUG_INFORMATION_FORMAT = "dwarf-with-dsym";
				ENABLE_NS_ASSERTIONS = NO;
				ENABLE_STRICT_OBJC_MSGSEND = YES;
				ENABLE_USER_SCRIPT_SANDBOXING = YES;
				GCC_C_LANGUAGE_STANDARD = gnu17;
				GCC_NO_COMMON_BLOCKS = YES;
				GCC_WARN_64_TO_32_BIT_CONVERSION = YES;
				GCC_WARN_ABOUT_RETURN_TYPE = YES_ERROR;
				GCC_WARN_UNDECLARED_SELECTOR = YES;
				GCC_WARN_UNINITIALIZED_AUTOS = YES_AGGRESSIVE;
				GCC_WARN_UNUSED_FUNCTION = YES;
				GCC_WARN_UNUSED_VARIABLE = YES;
				IPHONEOS_DEPLOYMENT_TARGET = 18.1;
				LOCALIZATION_PREFERS_STRING_CATALOGS = YES;
				MTL_ENABLE_DEBUG_INFO = NO;
				MTL_FAST_MATH = YES;
				SDKROOT = iphoneos;
				SWIFT_COMPILATION_MODE = wholemodule;
				VALIDATE_PRODUCT = YES;
			};
			name = Release;
		};
/* End XCBuildConfiguration section */

/* Begin XCConfigurationList section */
		9D116ED62CE9D943001B8E2C /* Build configuration list for PBXProject "InstaCloneApp" */ = {
			isa = XCConfigurationList;
			buildConfigurations = (
				9D116EF12CE9D945001B8E2C /* Debug */,
				9D116EF22CE9D945001B8E2C /* Release */,
			);
			defaultConfigurationIsVisible = 0;
			defaultConfigurationName = Release;
		};
		9D116EEE2CE9D945001B8E2C /* Build configuration list for PBXNativeTarget "InstaCloneApp" */ = {
			isa = XCConfigurationList;
			buildConfigurations = (
				9D116EEF2CE9D945001B8E2C /* Debug */,
				9D116EF02CE9D945001B8E2C /* Release */,
			);
			defaultConfigurationIsVisible = 0;
			defaultConfigurationName = Release;
		};
/* End XCConfigurationList section */

/* Begin XCRemoteSwiftPackageReference section */
		9D116EF32CE9DC21001B8E2C /* XCRemoteSwiftPackageReference "firebase-ios-sdk" */ = {
			isa = XCRemoteSwiftPackageReference;
			repositoryURL = "https://github.com/firebase/firebase-ios-sdk";
			requirement = {
				kind = upToNextMajorVersion;
				minimumVersion = 11.5.0;
			};
		};
		9DD784112CEE67AC001143FB /* XCRemoteSwiftPackageReference "swift-algorithms" */ = {
			isa = XCRemoteSwiftPackageReference;
			repositoryURL = "https://github.com/apple/swift-algorithms.git";
			requirement = {
				kind = upToNextMajorVersion;
				minimumVersion = 1.2.0;
			};
		};
		9DD7844E2CEE70A5001143FB /* XCRemoteSwiftPackageReference "SDWebImage" */ = {
			isa = XCRemoteSwiftPackageReference;
			repositoryURL = "https://github.com/SDWebImage/SDWebImage.git";
			requirement = {
				kind = upToNextMajorVersion;
				minimumVersion = 5.20.0;
			};
		};
/* End XCRemoteSwiftPackageReference section */

/* Begin XCSwiftPackageProductDependency section */
		9D116EF42CE9DC21001B8E2C /* FirebaseAnalytics */ = {
			isa = XCSwiftPackageProductDependency;
			package = 9D116EF32CE9DC21001B8E2C /* XCRemoteSwiftPackageReference "firebase-ios-sdk" */;
			productName = FirebaseAnalytics;
		};
		9D116EF62CE9DC21001B8E2C /* FirebaseAuth */ = {
			isa = XCSwiftPackageProductDependency;
			package = 9D116EF32CE9DC21001B8E2C /* XCRemoteSwiftPackageReference "firebase-ios-sdk" */;
			productName = FirebaseAuth;
		};
		9D116EF82CE9DC21001B8E2C /* FirebaseFirestore */ = {
			isa = XCSwiftPackageProductDependency;
			package = 9D116EF32CE9DC21001B8E2C /* XCRemoteSwiftPackageReference "firebase-ios-sdk" */;
			productName = FirebaseFirestore;
		};
		9D116EFA2CE9DC21001B8E2C /* FirebaseStorage */ = {
			isa = XCSwiftPackageProductDependency;
			package = 9D116EF32CE9DC21001B8E2C /* XCRemoteSwiftPackageReference "firebase-ios-sdk" */;
			productName = FirebaseStorage;
		};
		9DD784122CEE67AC001143FB /* Algorithms */ = {
			isa = XCSwiftPackageProductDependency;
			package = 9DD784112CEE67AC001143FB /* XCRemoteSwiftPackageReference "swift-algorithms" */;
			productName = Algorithms;
		};
		9DD7844F2CEE70A5001143FB /* SDWebImage */ = {
			isa = XCSwiftPackageProductDependency;
			package = 9DD7844E2CEE70A5001143FB /* XCRemoteSwiftPackageReference "SDWebImage" */;
			productName = SDWebImage;
		};
		9DD784512CEE70A5001143FB /* SDWebImageMapKit */ = {
			isa = XCSwiftPackageProductDependency;
			package = 9DD7844E2CEE70A5001143FB /* XCRemoteSwiftPackageReference "SDWebImage" */;
			productName = SDWebImageMapKit;
		};
/* End XCSwiftPackageProductDependency section */
	};
	rootObject = 9D116ED32CE9D943001B8E2C /* Project object */;
}
